// !$*UTF8*$!
{
	archiveVersion = 1;
	classes = {
	};
	objectVersion = 46;
	objects = {

/* Begin PBXBuildFile section */
		DADB77901DA75B6F00592040 /* main.m in Sources */ = {isa = PBXBuildFile; fileRef = DADB778F1DA75B6F00592040 /* main.m */; };
		DADB77931DA75B6F00592040 /* AppDelegate.m in Sources */ = {isa = PBXBuildFile; fileRef = DADB77921DA75B6F00592040 /* AppDelegate.m */; };
		DADB77961DA75B6F00592040 /* ViewController.m in Sources */ = {isa = PBXBuildFile; fileRef = DADB77951DA75B6F00592040 /* ViewController.m */; };
		DADB77991DA75B6F00592040 /* Main.storyboard in Resources */ = {isa = PBXBuildFile; fileRef = DADB77971DA75B6F00592040 /* Main.storyboard */; };
		DADB779B1DA75B6F00592040 /* Assets.xcassets in Resources */ = {isa = PBXBuildFile; fileRef = DADB779A1DA75B6F00592040 /* Assets.xcassets */; };
		DADB779E1DA75B6F00592040 /* LaunchScreen.storyboard in Resources */ = {isa = PBXBuildFile; fileRef = DADB779C1DA75B6F00592040 /* LaunchScreen.storyboard */; };
		DADB77A91DA75B6F00592040 /* StackViewTests.m in Sources */ = {isa = PBXBuildFile; fileRef = DADB77A81DA75B6F00592040 /* StackViewTests.m */; };
		DADB77B41DA75B6F00592040 /* StackViewUITests.m in Sources */ = {isa = PBXBuildFile; fileRef = DADB77B31DA75B6F00592040 /* StackViewUITests.m */; };
/* End PBXBuildFile section */

/* Begin PBXContainerItemProxy section */
		DADB77A51DA75B6F00592040 /* PBXContainerItemProxy */ = {
			isa = PBXContainerItemProxy;
			containerPortal = DADB77831DA75B6F00592040 /* Project object */;
			proxyType = 1;
			remoteGlobalIDString = DADB778A1DA75B6F00592040;
			remoteInfo = StackView;
		};
		DADB77B01DA75B6F00592040 /* PBXContainerItemProxy */ = {
			isa = PBXContainerItemProxy;
			containerPortal = DADB77831DA75B6F00592040 /* Project object */;
			proxyType = 1;
			remoteGlobalIDString = DADB778A1DA75B6F00592040;
			remoteInfo = StackView;
		};
/* End PBXContainerItemProxy section */

/* Begin PBXFileReference section */
		DADB778B1DA75B6F00592040 /* StackView.app */ = {isa = PBXFileReference; explicitFileType = wrapper.application; includeInIndex = 0; path = StackView.app; sourceTree = BUILT_PRODUCTS_DIR; };
		DADB778F1DA75B6F00592040 /* main.m */ = {isa = PBXFileReference; lastKnownFileType = sourcecode.c.objc; path = main.m; sourceTree = "<group>"; };
		DADB77911DA75B6F00592040 /* AppDelegate.h */ = {isa = PBXFileReference; lastKnownFileType = sourcecode.c.h; path = AppDelegate.h; sourceTree = "<group>"; };
		DADB77921DA75B6F00592040 /* AppDelegate.m */ = {isa = PBXFileReference; lastKnownFileType = sourcecode.c.objc; path = AppDelegate.m; sourceTree = "<group>"; };
		DADB77941DA75B6F00592040 /* ViewController.h */ = {isa = PBXFileReference; lastKnownFileType = sourcecode.c.h; path = ViewController.h; sourceTree = "<group>"; };
		DADB77951DA75B6F00592040 /* ViewController.m */ = {isa = PBXFileReference; lastKnownFileType = sourcecode.c.objc; path = ViewController.m; sourceTree = "<group>"; };
		DADB77981DA75B6F00592040 /* Base */ = {isa = PBXFileReference; lastKnownFileType = file.storyboard; name = Base; path = Base.lproj/Main.storyboard; sourceTree = "<group>"; };
		DADB779A1DA75B6F00592040 /* Assets.xcassets */ = {isa = PBXFileReference; lastKnownFileType = folder.assetcatalog; path = Assets.xcassets; sourceTree = "<group>"; };
		DADB779D1DA75B6F00592040 /* Base */ = {isa = PBXFileReference; lastKnownFileType = file.storyboard; name = Base; path = Base.lproj/LaunchScreen.storyboard; sourceTree = "<group>"; };
		DADB779F1DA75B6F00592040 /* Info.plist */ = {isa = PBXFileReference; lastKnownFileType = text.plist.xml; path = Info.plist; sourceTree = "<group>"; };
		DADB77A41DA75B6F00592040 /* StackViewTests.xctest */ = {isa = PBXFileReference; explicitFileType = wrapper.cfbundle; includeInIndex = 0; path = StackViewTests.xctest; sourceTree = BUILT_PRODUCTS_DIR; };
		DADB77A81DA75B6F00592040 /* StackViewTests.m */ = {isa = PBXFileReference; lastKnownFileType = sourcecode.c.objc; path = StackViewTests.m; sourceTree = "<group>"; };
		DADB77AA1DA75B6F00592040 /* Info.plist */ = {isa = PBXFileReference; lastKnownFileType = text.plist.xml; path = Info.plist; sourceTree = "<group>"; };
		DADB77AF1DA75B6F00592040 /* StackViewUITests.xctest */ = {isa = PBXFileReference; explicitFileType = wrapper.cfbundle; includeInIndex = 0; path = StackViewUITests.xctest; sourceTree = BUILT_PRODUCTS_DIR; };
		DADB77B31DA75B6F00592040 /* StackViewUITests.m */ = {isa = PBXFileReference; lastKnownFileType = sourcecode.c.objc; path = StackViewUITests.m; sourceTree = "<group>"; };
		DADB77B51DA75B6F00592040 /* Info.plist */ = {isa = PBXFileReference; lastKnownFileType = text.plist.xml; path = Info.plist; sourceTree = "<group>"; };
/* End PBXFileReference section */

/* Begin PBXFrameworksBuildPhase section */
		DADB77881DA75B6F00592040 /* Frameworks */ = {
			isa = PBXFrameworksBuildPhase;
			buildActionMask = 2147483647;
			files = (
			);
			runOnlyForDeploymentPostprocessing = 0;
		};
		DADB77A11DA75B6F00592040 /* Frameworks */ = {
			isa = PBXFrameworksBuildPhase;
			buildActionMask = 2147483647;
			files = (
			);
			runOnlyForDeploymentPostprocessing = 0;
		};
		DADB77AC1DA75B6F00592040 /* Frameworks */ = {
			isa = PBXFrameworksBuildPhase;
			buildActionMask = 2147483647;
			files = (
			);
			runOnlyForDeploymentPostprocessing = 0;
		};
/* End PBXFrameworksBuildPhase section */

/* Begin PBXGroup section */
		DADB77821DA75B6F00592040 = {
			isa = PBXGroup;
			children = (
				DADB778D1DA75B6F00592040 /* StackView */,
				DADB77A71DA75B6F00592040 /* StackViewTests */,
				DADB77B21DA75B6F00592040 /* StackViewUITests */,
				DADB778C1DA75B6F00592040 /* Products */,
			);
			sourceTree = "<group>";
		};
		DADB778C1DA75B6F00592040 /* Products */ = {
			isa = PBXGroup;
			children = (
				DADB778B1DA75B6F00592040 /* StackView.app */,
				DADB77A41DA75B6F00592040 /* StackViewTests.xctest */,
				DADB77AF1DA75B6F00592040 /* StackViewUITests.xctest */,
			);
			name = Products;
			sourceTree = "<group>";
		};
		DADB778D1DA75B6F00592040 /* StackView */ = {
			isa = PBXGroup;
			children = (
				DADB77911DA75B6F00592040 /* AppDelegate.h */,
				DADB77921DA75B6F00592040 /* AppDelegate.m */,
				DADB77941DA75B6F00592040 /* ViewController.h */,
				DADB77951DA75B6F00592040 /* ViewController.m */,
				DADB77971DA75B6F00592040 /* Main.storyboard */,
				DADB779A1DA75B6F00592040 /* Assets.xcassets */,
				DADB779C1DA75B6F00592040 /* LaunchScreen.storyboard */,
				DADB779F1DA75B6F00592040 /* Info.plist */,
				DADB778E1DA75B6F00592040 /* Supporting Files */,
			);
			path = StackView;
			sourceTree = "<group>";
		};
		DADB778E1DA75B6F00592040 /* Supporting Files */ = {
			isa = PBXGroup;
			children = (
				DADB778F1DA75B6F00592040 /* main.m */,
			);
			name = "Supporting Files";
			sourceTree = "<group>";
		};
		DADB77A71DA75B6F00592040 /* StackViewTests */ = {
			isa = PBXGroup;
			children = (
				DADB77A81DA75B6F00592040 /* StackViewTests.m */,
				DADB77AA1DA75B6F00592040 /* Info.plist */,
			);
			path = StackViewTests;
			sourceTree = "<group>";
		};
		DADB77B21DA75B6F00592040 /* StackViewUITests */ = {
			isa = PBXGroup;
			children = (
				DADB77B31DA75B6F00592040 /* StackViewUITests.m */,
				DADB77B51DA75B6F00592040 /* Info.plist */,
			);
			path = StackViewUITests;
			sourceTree = "<group>";
		};
/* End PBXGroup section */

/* Begin PBXNativeTarget section */
		DADB778A1DA75B6F00592040 /* StackView */ = {
			isa = PBXNativeTarget;
			buildConfigurationList = DADB77B81DA75B6F00592040 /* Build configuration list for PBXNativeTarget "StackView" */;
			buildPhases = (
				DADB77871DA75B6F00592040 /* Sources */,
				DADB77881DA75B6F00592040 /* Frameworks */,
				DADB77891DA75B6F00592040 /* Resources */,
			);
			buildRules = (
			);
			dependencies = (
			);
			name = StackView;
			productName = StackView;
			productReference = DADB778B1DA75B6F00592040 /* StackView.app */;
			productType = "com.apple.product-type.application";
		};
		DADB77A31DA75B6F00592040 /* StackViewTests */ = {
			isa = PBXNativeTarget;
			buildConfigurationList = DADB77BB1DA75B6F00592040 /* Build configuration list for PBXNativeTarget "StackViewTests" */;
			buildPhases = (
				DADB77A01DA75B6F00592040 /* Sources */,
				DADB77A11DA75B6F00592040 /* Frameworks */,
				DADB77A21DA75B6F00592040 /* Resources */,
			);
			buildRules = (
			);
			dependencies = (
				DADB77A61DA75B6F00592040 /* PBXTargetDependency */,
			);
			name = StackViewTests;
			productName = StackViewTests;
			productReference = DADB77A41DA75B6F00592040 /* StackViewTests.xctest */;
			productType = "com.apple.product-type.bundle.unit-test";
		};
		DADB77AE1DA75B6F00592040 /* StackViewUITests */ = {
			isa = PBXNativeTarget;
			buildConfigurationList = DADB77BE1DA75B6F00592040 /* Build configuration list for PBXNativeTarget "StackViewUITests" */;
			buildPhases = (
				DADB77AB1DA75B6F00592040 /* Sources */,
				DADB77AC1DA75B6F00592040 /* Frameworks */,
				DADB77AD1DA75B6F00592040 /* Resources */,
			);
			buildRules = (
			);
			dependencies = (
				DADB77B11DA75B6F00592040 /* PBXTargetDependency */,
			);
			name = StackViewUITests;
			productName = StackViewUITests;
			productReference = DADB77AF1DA75B6F00592040 /* StackViewUITests.xctest */;
			productType = "com.apple.product-type.bundle.ui-testing";
		};
/* End PBXNativeTarget section */

/* Begin PBXProject section */
		DADB77831DA75B6F00592040 /* Project object */ = {
			isa = PBXProject;
			attributes = {
				LastUpgradeCheck = 0800;
				ORGANIZATIONNAME = "Nagam Pawan";
				TargetAttributes = {
					DADB778A1DA75B6F00592040 = {
						CreatedOnToolsVersion = 8.0;
						ProvisioningStyle = Automatic;
					};
					DADB77A31DA75B6F00592040 = {
						CreatedOnToolsVersion = 8.0;
						ProvisioningStyle = Automatic;
						TestTargetID = DADB778A1DA75B6F00592040;
					};
					DADB77AE1DA75B6F00592040 = {
						CreatedOnToolsVersion = 8.0;
						ProvisioningStyle = Automatic;
						TestTargetID = DADB778A1DA75B6F00592040;
					};
				};
			};
			buildConfigurationList = DADB77861DA75B6F00592040 /* Build configuration list for PBXProject "StackView" */;
			compatibilityVersion = "Xcode 3.2";
			developmentRegion = English;
			hasScannedForEncodings = 0;
			knownRegions = (
				en,
				Base,
			);
			mainGroup = DADB77821DA75B6F00592040;
			productRefGroup = DADB778C1DA75B6F00592040 /* Products */;
			projectDirPath = "";
			projectRoot = "";
			targets = (
				DADB778A1DA75B6F00592040 /* StackView */,
				DADB77A31DA75B6F00592040 /* StackViewTests */,
				DADB77AE1DA75B6F00592040 /* StackViewUITests */,
			);
		};
/* End PBXProject section */

/* Begin PBXResourcesBuildPhase section */
		DADB77891DA75B6F00592040 /* Resources */ = {
			isa = PBXResourcesBuildPhase;
			buildActionMask = 2147483647;
			files = (
				DADB779E1DA75B6F00592040 /* LaunchScreen.storyboard in Resources */,
				DADB779B1DA75B6F00592040 /* Assets.xcassets in Resources */,
				DADB77991DA75B6F00592040 /* Main.storyboard in Resources */,
			);
			runOnlyForDeploymentPostprocessing = 0;
		};
		DADB77A21DA75B6F00592040 /* Resources */ = {
			isa = PBXResourcesBuildPhase;
			buildActionMask = 2147483647;
			files = (
			);
			runOnlyForDeploymentPostprocessing = 0;
		};
		DADB77AD1DA75B6F00592040 /* Resources */ = {
			isa = PBXResourcesBuildPhase;
			buildActionMask = 2147483647;
			files = (
			);
			runOnlyForDeploymentPostprocessing = 0;
		};
/* End PBXResourcesBuildPhase section */

/* Begin PBXSourcesBuildPhase section */
		DADB77871DA75B6F00592040 /* Sources */ = {
			isa = PBXSourcesBuildPhase;
			buildActionMask = 2147483647;
			files = (
				DADB77961DA75B6F00592040 /* ViewController.m in Sources */,
				DADB77931DA75B6F00592040 /* AppDelegate.m in Sources */,
				DADB77901DA75B6F00592040 /* main.m in Sources */,
			);
			runOnlyForDeploymentPostprocessing = 0;
		};
		DADB77A01DA75B6F00592040 /* Sources */ = {
			isa = PBXSourcesBuildPhase;
			buildActionMask = 2147483647;
			files = (
				DADB77A91DA75B6F00592040 /* StackViewTests.m in Sources */,
			);
			runOnlyForDeploymentPostprocessing = 0;
		};
		DADB77AB1DA75B6F00592040 /* Sources */ = {
			isa = PBXSourcesBuildPhase;
			buildActionMask = 2147483647;
			files = (
				DADB77B41DA75B6F00592040 /* StackViewUITests.m in Sources */,
			);
			runOnlyForDeploymentPostprocessing = 0;
		};
/* End PBXSourcesBuildPhase section */

/* Begin PBXTargetDependency section */
		DADB77A61DA75B6F00592040 /* PBXTargetDependency */ = {
			isa = PBXTargetDependency;
			target = DADB778A1DA75B6F00592040 /* StackView */;
			targetProxy = DADB77A51DA75B6F00592040 /* PBXContainerItemProxy */;
		};
		DADB77B11DA75B6F00592040 /* PBXTargetDependency */ = {
			isa = PBXTargetDependency;
			target = DADB778A1DA75B6F00592040 /* StackView */;
			targetProxy = DADB77B01DA75B6F00592040 /* PBXContainerItemProxy */;
		};
/* End PBXTargetDependency section */

/* Begin PBXVariantGroup section */
		DADB77971DA75B6F00592040 /* Main.storyboard */ = {
			isa = PBXVariantGroup;
			children = (
				DADB77981DA75B6F00592040 /* Base */,
			);
			name = Main.storyboard;
			sourceTree = "<group>";
		};
		DADB779C1DA75B6F00592040 /* LaunchScreen.storyboard */ = {
			isa = PBXVariantGroup;
			children = (
				DADB779D1DA75B6F00592040 /* Base */,
			);
			name = LaunchScreen.storyboard;
			sourceTree = "<group>";
		};
/* End PBXVariantGroup section */

/* Begin XCBuildConfiguration section */
		DADB77B61DA75B6F00592040 /* Debug */ = {
			isa = XCBuildConfiguration;
			buildSettings = {
				ALWAYS_SEARCH_USER_PATHS = NO;
				CLANG_ANALYZER_NONNULL = YES;
				CLANG_CXX_LANGUAGE_STANDARD = "gnu++0x";
				CLANG_CXX_LIBRARY = "libc++";
				CLANG_ENABLE_MODULES = YES;
				CLANG_ENABLE_OBJC_ARC = YES;
				CLANG_WARN_BOOL_CONVERSION = YES;
				CLANG_WARN_CONSTANT_CONVERSION = YES;
				CLANG_WARN_DIRECT_OBJC_ISA_USAGE = YES_ERROR;
				CLANG_WARN_DOCUMENTATION_COMMENTS = YES;
				CLANG_WARN_EMPTY_BODY = YES;
				CLANG_WARN_ENUM_CONVERSION = YES;
				CLANG_WARN_INFINITE_RECURSION = YES;
				CLANG_WARN_INT_CONVERSION = YES;
				CLANG_WARN_OBJC_ROOT_CLASS = YES_ERROR;
				CLANG_WARN_SUSPICIOUS_MOVES = YES;
				CLANG_WARN_UNREACHABLE_CODE = YES;
				CLANG_WARN__DUPLICATE_METHOD_MATCH = YES;
				"CODE_SIGN_IDENTITY[sdk=iphoneos*]" = "iPhone Developer";
				COPY_PHASE_STRIP = NO;
				DEBUG_INFORMATION_FORMAT = dwarf;
				ENABLE_STRICT_OBJC_MSGSEND = YES;
				ENABLE_TESTABILITY = YES;
				GCC_C_LANGUAGE_STANDARD = gnu99;
				GCC_DYNAMIC_NO_PIC = NO;
				GCC_NO_COMMON_BLOCKS = YES;
				GCC_OPTIMIZATION_LEVEL = 0;
				GCC_PREPROCESSOR_DEFINITIONS = (
					"DEBUG=1",
					"$(inherited)",
				);
				GCC_WARN_64_TO_32_BIT_CONVERSION = YES;
				GCC_WARN_ABOUT_RETURN_TYPE = YES_ERROR;
				GCC_WARN_UNDECLARED_SELECTOR = YES;
				GCC_WARN_UNINITIALIZED_AUTOS = YES_AGGRESSIVE;
				GCC_WARN_UNUSED_FUNCTION = YES;
				GCC_WARN_UNUSED_VARIABLE = YES;
				IPHONEOS_DEPLOYMENT_TARGET = 10.0;
				MTL_ENABLE_DEBUG_INFO = YES;
				ONLY_ACTIVE_ARCH = YES;
				SDKROOT = iphoneos;
				TARGETED_DEVICE_FAMILY = "1,2";
			};
			name = Debug;
		};
		DADB77B71DA75B6F00592040 /* Release */ = {
			isa = XCBuildConfiguration;
			buildSettings = {
				ALWAYS_SEARCH_USER_PATHS = NO;
				CLANG_ANALYZER_NONNULL = YES;
				CLANG_CXX_LANGUAGE_STANDARD = "gnu++0x";
				CLANG_CXX_LIBRARY = "libc++";
				CLANG_ENABLE_MODULES = YES;
				CLANG_ENABLE_OBJC_ARC = YES;
				CLANG_WARN_BOOL_CONVERSION = YES;
				CLANG_WARN_CONSTANT_CONVERSION = YES;
				CLANG_WARN_DIRECT_OBJC_ISA_USAGE = YES_ERROR;
				CLANG_WARN_DOCUMENTATION_COMMENTS = YES;
				CLANG_WARN_EMPTY_BODY = YES;
				CLANG_WARN_ENUM_CONVERSION = YES;
				CLANG_WARN_INFINITE_RECURSION = YES;
				CLANG_WARN_INT_CONVERSION = YES;
				CLANG_WARN_OBJC_ROOT_CLASS = YES_ERROR;
				CLANG_WARN_SUSPICIOUS_MOVES = YES;
				CLANG_WARN_UNREACHABLE_CODE = YES;
				CLANG_WARN__DUPLICATE_METHOD_MATCH = YES;
				"CODE_SIGN_IDENTITY[sdk=iphoneos*]" = "iPhone Developer";
				COPY_PHASE_STRIP = NO;
				DEBUG_INFORMATION_FORMAT = "dwarf-with-dsym";
				ENABLE_NS_ASSERTIONS = NO;
				ENABLE_STRICT_OBJC_MSGSEND = YES;
				GCC_C_LANGUAGE_STANDARD = gnu99;
				GCC_NO_COMMON_BLOCKS = YES;
				GCC_WARN_64_TO_32_BIT_CONVERSION = YES;
				GCC_WARN_ABOUT_RETURN_TYPE = YES_ERROR;
				GCC_WARN_UNDECLARED_SELECTOR = YES;
				GCC_WARN_UNINITIALIZED_AUTOS = YES_AGGRESSIVE;
				GCC_WARN_UNUSED_FUNCTION = YES;
				GCC_WARN_UNUSED_VARIABLE = YES;
				IPHONEOS_DEPLOYMENT_TARGET = 10.0;
				MTL_ENABLE_DEBUG_INFO = NO;
				SDKROOT = iphoneos;
				TARGETED_DEVICE_FAMILY = "1,2";
				VALIDATE_PRODUCT = YES;
			};
			name = Release;
		};
		DADB77B91DA75B6F00592040 /* Debug */ = {
			isa = XCBuildConfiguration;
			buildSettings = {
				ASSETCATALOG_COMPILER_APPICON_NAME = AppIcon;
				INFOPLIST_FILE = StackView/Info.plist;
				LD_RUNPATH_SEARCH_PATHS = "$(inherited) @executable_path/Frameworks";
				PRODUCT_BUNDLE_IDENTIFIER = Neorays.StackView;
				PRODUCT_NAME = "$(TARGET_NAME)";
			};
			name = Debug;
		};
		DADB77BA1DA75B6F00592040 /* Release */ = {
			isa = XCBuildConfiguration;
			buildSettings = {
				ASSETCATALOG_COMPILER_APPICON_NAME = AppIcon;
				INFOPLIST_FILE = StackView/Info.plist;
				LD_RUNPATH_SEARCH_PATHS = "$(inherited) @executable_path/Frameworks";
				PRODUCT_BUNDLE_IDENTIFIER = Neorays.StackView;
				PRODUCT_NAME = "$(TARGET_NAME)";
			};
			name = Release;
		};
		DADB77BC1DA75B6F00592040 /* Debug */ = {
			isa = XCBuildConfiguration;
			buildSettings = {
				BUNDLE_LOADER = "$(TEST_HOST)";
				INFOPLIST_FILE = StackViewTests/Info.plist;
				LD_RUNPATH_SEARCH_PATHS = "$(inherited) @executable_path/Frameworks @loader_path/Frameworks";
				PRODUCT_BUNDLE_IDENTIFIER = Neorays.StackViewTests;
				PRODUCT_NAME = "$(TARGET_NAME)";
				TEST_HOST = "$(BUILT_PRODUCTS_DIR)/StackView.app/StackView";
			};
			name = Debug;
		};
		DADB77BD1DA75B6F00592040 /* Release */ = {
			isa = XCBuildConfiguration;
			buildSettings = {
				BUNDLE_LOADER = "$(TEST_HOST)";
				INFOPLIST_FILE = StackViewTests/Info.plist;
				LD_RUNPATH_SEARCH_PATHS = "$(inherited) @executable_path/Frameworks @loader_path/Frameworks";
				PRODUCT_BUNDLE_IDENTIFIER = Neorays.StackViewTests;
				PRODUCT_NAME = "$(TARGET_NAME)";
				TEST_HOST = "$(BUILT_PRODUCTS_DIR)/StackView.app/StackView";
			};
			name = Release;
		};
		DADB77BF1DA75B6F00592040 /* Debug */ = {
			isa = XCBuildConfiguration;
			buildSettings = {
				INFOPLIST_FILE = StackViewUITests/Info.plist;
				LD_RUNPATH_SEARCH_PATHS = "$(inherited) @executable_path/Frameworks @loader_path/Frameworks";
				PRODUCT_BUNDLE_IDENTIFIER = Neorays.StackViewUITests;
				PRODUCT_NAME = "$(TARGET_NAME)";
				TEST_TARGET_NAME = StackView;
			};
			name = Debug;
		};
		DADB77C01DA75B6F00592040 /* Release */ = {
			isa = XCBuildConfiguration;
			buildSettings = {
				INFOPLIST_FILE = StackViewUITests/Info.plist;
				LD_RUNPATH_SEARCH_PATHS = "$(inherited) @executable_path/Frameworks @loader_path/Frameworks";
				PRODUCT_BUNDLE_IDENTIFIER = Neorays.StackViewUITests;
				PRODUCT_NAME = "$(TARGET_NAME)";
				TEST_TARGET_NAME = StackView;
			};
			name = Release;
		};
/* End XCBuildConfiguration section */

/* Begin XCConfigurationList section */
		DADB77861DA75B6F00592040 /* Build configuration list for PBXProject "StackView" */ = {
			isa = XCConfigurationList;
			buildConfigurations = (
				DADB77B61DA75B6F00592040 /* Debug */,
				DADB77B71DA75B6F00592040 /* Release */,
			);
			defaultConfigurationIsVisible = 0;
			defaultConfigurationName = Release;
		};
		DADB77B81DA75B6F00592040 /* Build configuration list for PBXNativeTarget "StackView" */ = {
			isa = XCConfigurationList;
			buildConfigurations = (
				DADB77B91DA75B6F00592040 /* Debug */,
				DADB77BA1DA75B6F00592040 /* Release */,
			);
			defaultConfigurationIsVisible = 0;
		};
		DADB77BB1DA75B6F00592040 /* Build configuration list for PBXNativeTarget "StackViewTests" */ = {
			isa = XCConfigurationList;
			buildConfigurations = (
				DADB77BC1DA75B6F00592040 /* Debug */,
				DADB77BD1DA75B6F00592040 /* Release */,
			);
			defaultConfigurationIsVisible = 0;
		};
		DADB77BE1DA75B6F00592040 /* Build configuration list for PBXNativeTarget "StackViewUITests" */ = {
			isa = XCConfigurationList;
			buildConfigurations = (
				DADB77BF1DA75B6F00592040 /* Debug */,
				DADB77C01DA75B6F00592040 /* Release */,
			);
			defaultConfigurationIsVisible = 0;
		};
/* End XCConfigurationList section */
	};
	rootObject = DADB77831DA75B6F00592040 /* Project object */;
}
